# This file is automatically @generated by Cargo.
# It is not intended for manual editing.
[[package]]
name = "base64"
version = "0.13.0"
source = "registry+https://github.com/rust-lang/crates.io-index"
checksum = "904dfeac50f3cdaba28fc6f57fdcddb75f49ed61346676a78c4ffe55877802fd"

[[package]]
name = "bech32"
version = "0.7.2"
source = "registry+https://github.com/rust-lang/crates.io-index"
checksum = "cdcf67bb7ba7797a081cd19009948ab533af7c355d5caf1d08c777582d351e9c"

[[package]]
name = "bitcoin"
version = "0.25.2"
source = "registry+https://github.com/rust-lang/crates.io-index"
checksum = "aefc9be9f17185f4ebccae6575d342063f775924d57df0000edb1880c0fb7095"
dependencies = [
 "bech32",
 "bitcoin_hashes",
 "secp256k1",
 "serde",
]

[[package]]
name = "bitcoin_hashes"
version = "0.9.4"
source = "registry+https://github.com/rust-lang/crates.io-index"
checksum = "0aaf87b776808e26ae93289bc7d025092b6d909c193f0cdee0b3a86e7bd3c776"
dependencies = [
 "serde",
]

[[package]]
name = "bitcoinconsensus"
version = "0.19.0-2"
source = "registry+https://github.com/rust-lang/crates.io-index"
checksum = "fa73ba49cd637fcb607af797e737a064f2015a25ba55c3f48501978a8b3fc90e"
dependencies = [
 "cc",
 "libc",
]

[[package]]
name = "cc"
version = "1.0.41"
source = "registry+https://github.com/rust-lang/crates.io-index"
checksum = "8dae9c4b8fedcae85592ba623c4fd08cfdab3e3b72d6df780c6ead964a69bfff"

[[package]]
name = "libc"
version = "0.2.84"
source = "registry+https://github.com/rust-lang/crates.io-index"
checksum = "1cca32fa0182e8c0989459524dc356b8f2b5c10f1b9eb521b7d182c03cf8c5ff"

[[package]]
name = "miniscript"
version = "4.0.3"
source = "registry+https://github.com/rust-lang/crates.io-index"
checksum = "74ff4ece4ff5498718a232e92d53273903609c739052f5edf2a1a42c59586348"
dependencies = [
 "bitcoin",
 "serde",
]

[[package]]
name = "psbtsigner"
version = "0.0.1"
dependencies = [
 "base64",
 "revault_tx",
]

[[package]]
name = "revault_tx"
version = "0.0.1"
source = "git+https://github.com/revault/revault_tx#283f2d133dfdeb967ef5098bff11b3a6d5d11ae5"
dependencies = [
 "base64",
 "bitcoinconsensus",
 "miniscript",
 "serde",
]

[[package]]
name = "secp256k1"
version = "0.19.0"
source = "registry+https://github.com/rust-lang/crates.io-index"
checksum = "c6179428c22c73ac0fbb7b5579a56353ce78ba29759b3b8575183336ea74cdfb"
dependencies = [
 "secp256k1-sys",
 "serde",
]

[[package]]
name = "secp256k1-sys"
version = "0.3.0"
source = "registry+https://github.com/rust-lang/crates.io-index"
checksum = "11553d210db090930f4432bea123b31f70bbf693ace14504ea2a35e796c28dd2"
dependencies = [
 "cc",
]

[[package]]
name = "serde"
version = "1.0.123"
source = "registry+https://github.com/rust-lang/crates.io-index"
checksum = "92d5161132722baa40d802cc70b15262b98258453e85e5d1d365c757c73869ae"
